
Microsoft Visual Studio Solution File, Format Version 12.00
# Visual Studio Version 17
VisualStudioVersion = 17.7.34202.233
MinimumVisualStudioVersion = 10.0.40219.1
Project("{FAE04EC0-301F-11D3-BF4B-00C04F79EFBC}") = "Lab9TRKVD", "Lab9TRKVD\Lab9TRKVD.csproj", "{E11742E2-919F-4F9B-80F4-83ABC611CB24}"
EndProject
Global
	GlobalSection(SolutionConfigurationPlatforms) = preSolution
		Debug|Any CPU = Debug|Any CPU
		Release|Any CPU = Release|Any CPU
	EndGlobalSection
	GlobalSection(ProjectConfigurationPlatforms) = postSolution
		{E11742E2-919F-4F9B-80F4-83ABC611CB24}.Debug|Any CPU.ActiveCfg = Debug|Any CPU
		{E11742E2-919F-4F9B-80F4-83ABC611CB24}.Debug|Any CPU.Build.0 = Debug|Any CPU
		{E11742E2-919F-4F9B-80F4-83ABC611CB24}.Release|Any CPU.ActiveCfg = Release|Any CPU
		{E11742E2-919F-4F9B-80F4-83ABC611CB24}.Release|Any CPU.Build.0 = Release|Any CPU
	EndGlobalSection
	GlobalSection(SolutionProperties) = preSolution
		HideSolutionNode = FALSE
	EndGlobalSection
	GlobalSection(ExtensibilityGlobals) = postSolution
		SolutionGuid = {1E7888D3-E3D8-4283-92F9-B1CA98D43321}
	EndGlobalSection
EndGlobal
