
Microsoft Visual Studio Solution File, Format Version 12.00
# Visual Studio Version 17
VisualStudioVersion = 17.7.34202.233
MinimumVisualStudioVersion = 10.0.40219.1
Project("{FAE04EC0-301F-11D3-BF4B-00C04F79EFBC}") = "Lab3TRKVD", "Lab3TRKVD\Lab3TRKVD.csproj", "{146BFE37-1498-414A-993B-12CFFA33AA95}"
EndProject
Global
	GlobalSection(SolutionConfigurationPlatforms) = preSolution
		Debug|Any CPU = Debug|Any CPU
		Release|Any CPU = Release|Any CPU
	EndGlobalSection
	GlobalSection(ProjectConfigurationPlatforms) = postSolution
		{146BFE37-1498-414A-993B-12CFFA33AA95}.Debug|Any CPU.ActiveCfg = Debug|Any CPU
		{146BFE37-1498-414A-993B-12CFFA33AA95}.Debug|Any CPU.Build.0 = Debug|Any CPU
		{146BFE37-1498-414A-993B-12CFFA33AA95}.Release|Any CPU.ActiveCfg = Release|Any CPU
		{146BFE37-1498-414A-993B-12CFFA33AA95}.Release|Any CPU.Build.0 = Release|Any CPU
	EndGlobalSection
	GlobalSection(SolutionProperties) = preSolution
		HideSolutionNode = FALSE
	EndGlobalSection
	GlobalSection(ExtensibilityGlobals) = postSolution
		SolutionGuid = {517FAC41-A4FA-40AB-88B9-2C4F472C7948}
	EndGlobalSection
EndGlobal
