
Microsoft Visual Studio Solution File, Format Version 12.00
# Visual Studio Version 17
VisualStudioVersion = 17.7.34202.233
MinimumVisualStudioVersion = 10.0.40219.1
Project("{FAE04EC0-301F-11D3-BF4B-00C04F79EFBC}") = "Lab5TRKVD", "Lab5TRKVD\Lab5TRKVD.csproj", "{8000CB8C-14B7-4506-9634-163D34B19F63}"
EndProject
Global
	GlobalSection(SolutionConfigurationPlatforms) = preSolution
		Debug|Any CPU = Debug|Any CPU
		Release|Any CPU = Release|Any CPU
	EndGlobalSection
	GlobalSection(ProjectConfigurationPlatforms) = postSolution
		{8000CB8C-14B7-4506-9634-163D34B19F63}.Debug|Any CPU.ActiveCfg = Debug|Any CPU
		{8000CB8C-14B7-4506-9634-163D34B19F63}.Debug|Any CPU.Build.0 = Debug|Any CPU
		{8000CB8C-14B7-4506-9634-163D34B19F63}.Release|Any CPU.ActiveCfg = Release|Any CPU
		{8000CB8C-14B7-4506-9634-163D34B19F63}.Release|Any CPU.Build.0 = Release|Any CPU
	EndGlobalSection
	GlobalSection(SolutionProperties) = preSolution
		HideSolutionNode = FALSE
	EndGlobalSection
	GlobalSection(ExtensibilityGlobals) = postSolution
		SolutionGuid = {4DBBB008-5E41-45FD-8E2B-4C2E9A9F34CD}
	EndGlobalSection
EndGlobal
